
Microsoft Visual Studio Solution File, Format Version 12.00
# Visual Studio Version 17
VisualStudioVersion = 17.12.35506.116
MinimumVisualStudioVersion = 10.0.40219.1
Project("{FAE04EC0-301F-11D3-BF4B-00C04F79EFBC}") = "Pos.Desktop", "Pos.Desktop\Pos.Desktop.csproj", "{AD761B92-A98E-432D-88BF-CD8F0C36DB57}"
EndProject
Project("{FAE04EC0-301F-11D3-BF4B-00C04F79EFBC}") = "Pos.Domain", "Pos.Domain\Pos.Domain.csproj", "{381B0167-1514-4537-AF6D-7967A7448FD2}"
EndProject
Project("{FAE04EC0-301F-11D3-BF4B-00C04F79EFBC}") = "Pos.Application", "Pos.Application\Pos.Application.csproj", "{41BC5E38-89EE-444B-8BA5-6F7272437F63}"
EndProject
Project("{FAE04EC0-301F-11D3-BF4B-00C04F79EFBC}") = "Pos.Infrastructure", "Pos.Infrastructure\Pos.Infrastructure.csproj", "{72EC51A0-B5CE-446A-9252-B98DB8E701AF}"
EndProject
Project("{FAE04EC0-301F-11D3-BF4B-00C04F79EFBC}") = "Pos.Hardware", "Pos.Hardware\Pos.Hardware.csproj", "{032E7EEA-AF4E-4700-AE1A-2560EA1E8020}"
EndProject
Project("{FAE04EC0-301F-11D3-BF4B-00C04F79EFBC}") = "Pos.Domain.Tests", "Pos.Domain.Tests\Pos.Domain.Tests.csproj", "{C9B6E6FE-0B9A-4990-899D-D06C0FB36B37}"
EndProject
Project("{FAE04EC0-301F-11D3-BF4B-00C04F79EFBC}") = "Pos.Application.Tests", "Pos.Application.Tests\Pos.Application.Tests.csproj", "{CDB7E778-9A3B-49FA-80C1-4F4B73BB22A0}"
EndProject
Project("{FAE04EC0-301F-11D3-BF4B-00C04F79EFBC}") = "Pos.Architecture.Tests", "Pos.Architecture.Tests\Pos.Architecture.Tests.csproj", "{E0C446AB-7EB6-4050-9A27-95BDAFE2D9B8}"
EndProject
Project("{FAE04EC0-301F-11D3-BF4B-00C04F79EFBC}") = "Pos.Infrastructure.Tests", "Pos.Infrastructure.Tests\Pos.Infrastructure.Tests.csproj", "{366B8AFF-0AB0-42AF-8257-A2756ED00FBB}"
EndProject
Project("{FAE04EC0-301F-11D3-BF4B-00C04F79EFBC}") = "Pos.Desktop.Tests", "Pos.Desktop.Tests\Pos.Desktop.Tests.csproj", "{2C0C89FE-4F30-469D-8B5A-F0BB3E588F96}"
EndProject
Project("{FAE04EC0-301F-11D3-BF4B-00C04F79EFBC}") = "Pos.Hardware.Tests", "Pos.Hardware.Tests\Pos.Hardware.Tests.csproj", "{C1068CF3-AD75-4289-9E1C-2613404F67E7}"
EndProject
Global
	GlobalSection(SolutionConfigurationPlatforms) = preSolution
		Debug|Any CPU = Debug|Any CPU
		Debug|x64 = Debug|x64
		Debug|x86 = Debug|x86
		Release|Any CPU = Release|Any CPU
		Release|x64 = Release|x64
		Release|x86 = Release|x86
	EndGlobalSection
	GlobalSection(ProjectConfigurationPlatforms) = postSolution
		{AD761B92-A98E-432D-88BF-CD8F0C36DB57}.Debug|Any CPU.ActiveCfg = Debug|Any CPU
		{AD761B92-A98E-432D-88BF-CD8F0C36DB57}.Debug|Any CPU.Build.0 = Debug|Any CPU
		{AD761B92-A98E-432D-88BF-CD8F0C36DB57}.Debug|x64.ActiveCfg = Debug|Any CPU
		{AD761B92-A98E-432D-88BF-CD8F0C36DB57}.Debug|x64.Build.0 = Debug|Any CPU
		{AD761B92-A98E-432D-88BF-CD8F0C36DB57}.Debug|x86.ActiveCfg = Debug|Any CPU
		{AD761B92-A98E-432D-88BF-CD8F0C36DB57}.Debug|x86.Build.0 = Debug|Any CPU
		{AD761B92-A98E-432D-88BF-CD8F0C36DB57}.Release|Any CPU.ActiveCfg = Release|Any CPU
		{AD761B92-A98E-432D-88BF-CD8F0C36DB57}.Release|Any CPU.Build.0 = Release|Any CPU
		{AD761B92-A98E-432D-88BF-CD8F0C36DB57}.Release|x64.ActiveCfg = Release|Any CPU
		{AD761B92-A98E-432D-88BF-CD8F0C36DB57}.Release|x64.Build.0 = Release|Any CPU
		{AD761B92-A98E-432D-88BF-CD8F0C36DB57}.Release|x86.ActiveCfg = Release|Any CPU
		{AD761B92-A98E-432D-88BF-CD8F0C36DB57}.Release|x86.Build.0 = Release|Any CPU
		{381B0167-1514-4537-AF6D-7967A7448FD2}.Debug|Any CPU.ActiveCfg = Debug|Any CPU
		{381B0167-1514-4537-AF6D-7967A7448FD2}.Debug|Any CPU.Build.0 = Debug|Any CPU
		{381B0167-1514-4537-AF6D-7967A7448FD2}.Debug|x64.ActiveCfg = Debug|Any CPU
		{381B0167-1514-4537-AF6D-7967A7448FD2}.Debug|x64.Build.0 = Debug|Any CPU
		{381B0167-1514-4537-AF6D-7967A7448FD2}.Debug|x86.ActiveCfg = Debug|Any CPU
		{381B0167-1514-4537-AF6D-7967A7448FD2}.Debug|x86.Build.0 = Debug|Any CPU
		{381B0167-1514-4537-AF6D-7967A7448FD2}.Release|Any CPU.ActiveCfg = Release|Any CPU
		{381B0167-1514-4537-AF6D-7967A7448FD2}.Release|Any CPU.Build.0 = Release|Any CPU
		{381B0167-1514-4537-AF6D-7967A7448FD2}.Release|x64.ActiveCfg = Release|Any CPU
		{381B0167-1514-4537-AF6D-7967A7448FD2}.Release|x64.Build.0 = Release|Any CPU
		{381B0167-1514-4537-AF6D-7967A7448FD2}.Release|x86.ActiveCfg = Release|Any CPU
		{381B0167-1514-4537-AF6D-7967A7448FD2}.Release|x86.Build.0 = Release|Any CPU
		{41BC5E38-89EE-444B-8BA5-6F7272437F63}.Debug|Any CPU.ActiveCfg = Debug|Any CPU
		{41BC5E38-89EE-444B-8BA5-6F7272437F63}.Debug|Any CPU.Build.0 = Debug|Any CPU
		{41BC5E38-89EE-444B-8BA5-6F7272437F63}.Debug|x64.ActiveCfg = Debug|Any CPU
		{41BC5E38-89EE-444B-8BA5-6F7272437F63}.Debug|x64.Build.0 = Debug|Any CPU
		{41BC5E38-89EE-444B-8BA5-6F7272437F63}.Debug|x86.ActiveCfg = Debug|Any CPU
		{41BC5E38-89EE-444B-8BA5-6F7272437F63}.Debug|x86.Build.0 = Debug|Any CPU
		{41BC5E38-89EE-444B-8BA5-6F7272437F63}.Release|Any CPU.ActiveCfg = Release|Any CPU
		{41BC5E38-89EE-444B-8BA5-6F7272437F63}.Release|Any CPU.Build.0 = Release|Any CPU
		{41BC5E38-89EE-444B-8BA5-6F7272437F63}.Release|x64.ActiveCfg = Release|Any CPU
		{41BC5E38-89EE-444B-8BA5-6F7272437F63}.Release|x64.Build.0 = Release|Any CPU
		{41BC5E38-89EE-444B-8BA5-6F7272437F63}.Release|x86.ActiveCfg = Release|Any CPU
		{41BC5E38-89EE-444B-8BA5-6F7272437F63}.Release|x86.Build.0 = Release|Any CPU
		{72EC51A0-B5CE-446A-9252-B98DB8E701AF}.Debug|Any CPU.ActiveCfg = Debug|Any CPU
		{72EC51A0-B5CE-446A-9252-B98DB8E701AF}.Debug|Any CPU.Build.0 = Debug|Any CPU
		{72EC51A0-B5CE-446A-9252-B98DB8E701AF}.Debug|x64.ActiveCfg = Debug|Any CPU
		{72EC51A0-B5CE-446A-9252-B98DB8E701AF}.Debug|x64.Build.0 = Debug|Any CPU
		{72EC51A0-B5CE-446A-9252-B98DB8E701AF}.Debug|x86.ActiveCfg = Debug|Any CPU
		{72EC51A0-B5CE-446A-9252-B98DB8E701AF}.Debug|x86.Build.0 = Debug|Any CPU
		{72EC51A0-B5CE-446A-9252-B98DB8E701AF}.Release|Any CPU.ActiveCfg = Release|Any CPU
		{72EC51A0-B5CE-446A-9252-B98DB8E701AF}.Release|Any CPU.Build.0 = Release|Any CPU
		{72EC51A0-B5CE-446A-9252-B98DB8E701AF}.Release|x64.ActiveCfg = Release|Any CPU
		{72EC51A0-B5CE-446A-9252-B98DB8E701AF}.Release|x64.Build.0 = Release|Any CPU
		{72EC51A0-B5CE-446A-9252-B98DB8E701AF}.Release|x86.ActiveCfg = Release|Any CPU
		{72EC51A0-B5CE-446A-9252-B98DB8E701AF}.Release|x86.Build.0 = Release|Any CPU
		{032E7EEA-AF4E-4700-AE1A-2560EA1E8020}.Debug|Any CPU.ActiveCfg = Debug|Any CPU
		{032E7EEA-AF4E-4700-AE1A-2560EA1E8020}.Debug|Any CPU.Build.0 = Debug|Any CPU
		{032E7EEA-AF4E-4700-AE1A-2560EA1E8020}.Debug|x64.ActiveCfg = Debug|Any CPU
		{032E7EEA-AF4E-4700-AE1A-2560EA1E8020}.Debug|x64.Build.0 = Debug|Any CPU
		{032E7EEA-AF4E-4700-AE1A-2560EA1E8020}.Debug|x86.ActiveCfg = Debug|Any CPU
		{032E7EEA-AF4E-4700-AE1A-2560EA1E8020}.Debug|x86.Build.0 = Debug|Any CPU
		{032E7EEA-AF4E-4700-AE1A-2560EA1E8020}.Release|Any CPU.ActiveCfg = Release|Any CPU
		{032E7EEA-AF4E-4700-AE1A-2560EA1E8020}.Release|Any CPU.Build.0 = Release|Any CPU
		{032E7EEA-AF4E-4700-AE1A-2560EA1E8020}.Release|x64.ActiveCfg = Release|Any CPU
		{032E7EEA-AF4E-4700-AE1A-2560EA1E8020}.Release|x64.Build.0 = Release|Any CPU
		{032E7EEA-AF4E-4700-AE1A-2560EA1E8020}.Release|x86.ActiveCfg = Release|Any CPU
		{032E7EEA-AF4E-4700-AE1A-2560EA1E8020}.Release|x86.Build.0 = Release|Any CPU
		{C9B6E6FE-0B9A-4990-899D-D06C0FB36B37}.Debug|Any CPU.ActiveCfg = Debug|Any CPU
		{C9B6E6FE-0B9A-4990-899D-D06C0FB36B37}.Debug|Any CPU.Build.0 = Debug|Any CPU
		{C9B6E6FE-0B9A-4990-899D-D06C0FB36B37}.Debug|x64.ActiveCfg = Debug|Any CPU
		{C9B6E6FE-0B9A-4990-899D-D06C0FB36B37}.Debug|x64.Build.0 = Debug|Any CPU
		{C9B6E6FE-0B9A-4990-899D-D06C0FB36B37}.Debug|x86.ActiveCfg = Debug|Any CPU
		{C9B6E6FE-0B9A-4990-899D-D06C0FB36B37}.Debug|x86.Build.0 = Debug|Any CPU
		{C9B6E6FE-0B9A-4990-899D-D06C0FB36B37}.Release|Any CPU.ActiveCfg = Release|Any CPU
		{C9B6E6FE-0B9A-4990-899D-D06C0FB36B37}.Release|Any CPU.Build.0 = Release|Any CPU
		{C9B6E6FE-0B9A-4990-899D-D06C0FB36B37}.Release|x64.ActiveCfg = Release|Any CPU
		{C9B6E6FE-0B9A-4990-899D-D06C0FB36B37}.Release|x64.Build.0 = Release|Any CPU
		{C9B6E6FE-0B9A-4990-899D-D06C0FB36B37}.Release|x86.ActiveCfg = Release|Any CPU
		{C9B6E6FE-0B9A-4990-899D-D06C0FB36B37}.Release|x86.Build.0 = Release|Any CPU
		{CDB7E778-9A3B-49FA-80C1-4F4B73BB22A0}.Debug|Any CPU.ActiveCfg = Debug|Any CPU
		{CDB7E778-9A3B-49FA-80C1-4F4B73BB22A0}.Debug|Any CPU.Build.0 = Debug|Any CPU
		{CDB7E778-9A3B-49FA-80C1-4F4B73BB22A0}.Debug|x64.ActiveCfg = Debug|Any CPU
		{CDB7E778-9A3B-49FA-80C1-4F4B73BB22A0}.Debug|x64.Build.0 = Debug|Any CPU
		{CDB7E778-9A3B-49FA-80C1-4F4B73BB22A0}.Debug|x86.ActiveCfg = Debug|Any CPU
		{CDB7E778-9A3B-49FA-80C1-4F4B73BB22A0}.Debug|x86.Build.0 = Debug|Any CPU
		{CDB7E778-9A3B-49FA-80C1-4F4B73BB22A0}.Release|Any CPU.ActiveCfg = Release|Any CPU
		{CDB7E778-9A3B-49FA-80C1-4F4B73BB22A0}.Release|Any CPU.Build.0 = Release|Any CPU
		{CDB7E778-9A3B-49FA-80C1-4F4B73BB22A0}.Release|x64.ActiveCfg = Release|Any CPU
		{CDB7E778-9A3B-49FA-80C1-4F4B73BB22A0}.Release|x64.Build.0 = Release|Any CPU
		{CDB7E778-9A3B-49FA-80C1-4F4B73BB22A0}.Release|x86.ActiveCfg = Release|Any CPU
		{CDB7E778-9A3B-49FA-80C1-4F4B73BB22A0}.Release|x86.Build.0 = Release|Any CPU
		{E0C446AB-7EB6-4050-9A27-95BDAFE2D9B8}.Debug|Any CPU.ActiveCfg = Debug|Any CPU
		{E0C446AB-7EB6-4050-9A27-95BDAFE2D9B8}.Debug|Any CPU.Build.0 = Debug|Any CPU
		{E0C446AB-7EB6-4050-9A27-95BDAFE2D9B8}.Debug|x64.ActiveCfg = Debug|Any CPU
		{E0C446AB-7EB6-4050-9A27-95BDAFE2D9B8}.Debug|x64.Build.0 = Debug|Any CPU
		{E0C446AB-7EB6-4050-9A27-95BDAFE2D9B8}.Debug|x86.ActiveCfg = Debug|Any CPU
		{E0C446AB-7EB6-4050-9A27-95BDAFE2D9B8}.Debug|x86.Build.0 = Debug|Any CPU
		{E0C446AB-7EB6-4050-9A27-95BDAFE2D9B8}.Release|Any CPU.ActiveCfg = Release|Any CPU
		{E0C446AB-7EB6-4050-9A27-95BDAFE2D9B8}.Release|Any CPU.Build.0 = Release|Any CPU
		{E0C446AB-7EB6-4050-9A27-95BDAFE2D9B8}.Release|x64.ActiveCfg = Release|Any CPU
		{E0C446AB-7EB6-4050-9A27-95BDAFE2D9B8}.Release|x64.Build.0 = Release|Any CPU
		{E0C446AB-7EB6-4050-9A27-95BDAFE2D9B8}.Release|x86.ActiveCfg = Release|Any CPU
		{E0C446AB-7EB6-4050-9A27-95BDAFE2D9B8}.Release|x86.Build.0 = Release|Any CPU
		{366B8AFF-0AB0-42AF-8257-A2756ED00FBB}.Debug|Any CPU.ActiveCfg = Debug|Any CPU
		{366B8AFF-0AB0-42AF-8257-A2756ED00FBB}.Debug|Any CPU.Build.0 = Debug|Any CPU
		{366B8AFF-0AB0-42AF-8257-A2756ED00FBB}.Debug|x64.ActiveCfg = Debug|Any CPU
		{366B8AFF-0AB0-42AF-8257-A2756ED00FBB}.Debug|x64.Build.0 = Debug|Any CPU
		{366B8AFF-0AB0-42AF-8257-A2756ED00FBB}.Debug|x86.ActiveCfg = Debug|Any CPU
		{366B8AFF-0AB0-42AF-8257-A2756ED00FBB}.Debug|x86.Build.0 = Debug|Any CPU
		{366B8AFF-0AB0-42AF-8257-A2756ED00FBB}.Release|Any CPU.ActiveCfg = Release|Any CPU
		{366B8AFF-0AB0-42AF-8257-A2756ED00FBB}.Release|Any CPU.Build.0 = Release|Any CPU
		{366B8AFF-0AB0-42AF-8257-A2756ED00FBB}.Release|x64.ActiveCfg = Release|Any CPU
		{366B8AFF-0AB0-42AF-8257-A2756ED00FBB}.Release|x64.Build.0 = Release|Any CPU
		{366B8AFF-0AB0-42AF-8257-A2756ED00FBB}.Release|x86.ActiveCfg = Release|Any CPU
		{366B8AFF-0AB0-42AF-8257-A2756ED00FBB}.Release|x86.Build.0 = Release|Any CPU
		{2C0C89FE-4F30-469D-8B5A-F0BB3E588F96}.Debug|Any CPU.ActiveCfg = Debug|Any CPU
		{2C0C89FE-4F30-469D-8B5A-F0BB3E588F96}.Debug|Any CPU.Build.0 = Debug|Any CPU
		{2C0C89FE-4F30-469D-8B5A-F0BB3E588F96}.Debug|x64.ActiveCfg = Debug|Any CPU
		{2C0C89FE-4F30-469D-8B5A-F0BB3E588F96}.Debug|x64.Build.0 = Debug|Any CPU
		{2C0C89FE-4F30-469D-8B5A-F0BB3E588F96}.Debug|x86.ActiveCfg = Debug|Any CPU
		{2C0C89FE-4F30-469D-8B5A-F0BB3E588F96}.Debug|x86.Build.0 = Debug|Any CPU
		{2C0C89FE-4F30-469D-8B5A-F0BB3E588F96}.Release|Any CPU.ActiveCfg = Release|Any CPU
		{2C0C89FE-4F30-469D-8B5A-F0BB3E588F96}.Release|Any CPU.Build.0 = Release|Any CPU
		{2C0C89FE-4F30-469D-8B5A-F0BB3E588F96}.Release|x64.ActiveCfg = Release|Any CPU
		{2C0C89FE-4F30-469D-8B5A-F0BB3E588F96}.Release|x64.Build.0 = Release|Any CPU
		{2C0C89FE-4F30-469D-8B5A-F0BB3E588F96}.Release|x86.ActiveCfg = Release|Any CPU
		{2C0C89FE-4F30-469D-8B5A-F0BB3E588F96}.Release|x86.Build.0 = Release|Any CPU
		{C1068CF3-AD75-4289-9E1C-2613404F67E7}.Debug|Any CPU.ActiveCfg = Debug|Any CPU
		{C1068CF3-AD75-4289-9E1C-2613404F67E7}.Debug|Any CPU.Build.0 = Debug|Any CPU
		{C1068CF3-AD75-4289-9E1C-2613404F67E7}.Debug|x64.ActiveCfg = Debug|Any CPU
		{C1068CF3-AD75-4289-9E1C-2613404F67E7}.Debug|x64.Build.0 = Debug|Any CPU
		{C1068CF3-AD75-4289-9E1C-2613404F67E7}.Debug|x86.ActiveCfg = Debug|Any CPU
		{C1068CF3-AD75-4289-9E1C-2613404F67E7}.Debug|x86.Build.0 = Debug|Any CPU
		{C1068CF3-AD75-4289-9E1C-2613404F67E7}.Release|Any CPU.ActiveCfg = Release|Any CPU
		{C1068CF3-AD75-4289-9E1C-2613404F67E7}.Release|Any CPU.Build.0 = Release|Any CPU
		{C1068CF3-AD75-4289-9E1C-2613404F67E7}.Release|x64.ActiveCfg = Release|Any CPU
		{C1068CF3-AD75-4289-9E1C-2613404F67E7}.Release|x64.Build.0 = Release|Any CPU
		{C1068CF3-AD75-4289-9E1C-2613404F67E7}.Release|x86.ActiveCfg = Release|Any CPU
		{C1068CF3-AD75-4289-9E1C-2613404F67E7}.Release|x86.Build.0 = Release|Any CPU
	EndGlobalSection
	GlobalSection(SolutionProperties) = preSolution
		HideSolutionNode = FALSE
	EndGlobalSection
	GlobalSection(ExtensibilityGlobals) = postSolution
		SolutionGuid = {76E66633-B806-4DA7-91C1-3D97BCB0861E}
	EndGlobalSection
EndGlobal
